{
  "name": "nertc-typescript",
  "version": "1.0.0",
  "lockfileVersion": 2,
  "requires": true,
  "packages": {
    "": {
      "version": "1.0.0",
      "license": "ISC",
      "dependencies": {
        "@types/webrtc": "^0.0.32",
        "nertc-web-sdk": "^4.6.21",
        "typescript": "4.7"
      }
    },
    "node_modules/@types/webrtc": {
      "version": "0.0.32",
      "resolved": "https://registry.npmjs.org/@types/webrtc/-/webrtc-0.0.32.tgz",
      "integrity": "sha512-+F0Ozq+ksnKtjcMHujSgb4A1Vjt0b4wvvxP3/pTnXKsIrLo34EgHh2z3qJq3ntX4dbK6ytxpY1rzO/4Z8rVrHg=="
    },
    "node_modules/nertc-web-sdk": {
      "version": "4.6.21",
      "resolved": "https://registry.npmjs.org/nertc-web-sdk/-/nertc-web-sdk-4.6.21.tgz",
      "integrity": "sha512-h1VOkRobMGAOzXNACbKjNqDXnJfog1vjpy5M16XgXbcHpuXxBKpMx246nMh/HGknRxdnJ+2VOTOuQlsOXD2CTw=="
    },
    "node_modules/typescript": {
      "version": "4.7.4",
      "resolved": "https://registry.npmjs.org/typescript/-/typescript-4.7.4.tgz",
      "integrity": "sha512-C0WQT0gezHuw6AdY1M2jxUO83Rjf0HP7Sk1DtXj6j1EwkQNZrHAg2XPWlq62oqEhYvONq5pkC2Y9oPljWToLmQ==",
      "bin": {
        "tsc": "bin/tsc",
        "tsserver": "bin/tsserver"
      },
      "engines": {
        "node": ">=4.2.0"
      }
    }
  },
  "dependencies": {
    "@types/webrtc": {
      "version": "0.0.32",
      "resolved": "https://registry.npmjs.org/@types/webrtc/-/webrtc-0.0.32.tgz",
      "integrity": "sha512-+F0Ozq+ksnKtjcMHujSgb4A1Vjt0b4wvvxP3/pTnXKsIrLo34EgHh2z3qJq3ntX4dbK6ytxpY1rzO/4Z8rVrHg=="
    },
    "nertc-web-sdk": {
      "version": "4.6.21",
      "resolved": "https://registry.npmjs.org/nertc-web-sdk/-/nertc-web-sdk-4.6.21.tgz",
      "integrity": "sha512-h1VOkRobMGAOzXNACbKjNqDXnJfog1vjpy5M16XgXbcHpuXxBKpMx246nMh/HGknRxdnJ+2VOTOuQlsOXD2CTw=="
    },
    "typescript": {
      "version": "4.7.4",
      "resolved": "https://registry.npmjs.org/typescript/-/typescript-4.7.4.tgz",
      "integrity": "sha512-C0WQT0gezHuw6AdY1M2jxUO83Rjf0HP7Sk1DtXj6j1EwkQNZrHAg2XPWlq62oqEhYvONq5pkC2Y9oPljWToLmQ=="
    }
  }
}
